
Microsoft Visual Studio Solution File, Format Version 12.00
# Visual Studio 15
VisualStudioVersion = 15.0.27130.2036
MinimumVisualStudioVersion = 10.0.40219.1
Project("{FAE04EC0-301F-11D3-BF4B-00C04F79EFBC}") = "Test", "Test\Test.csproj", "{FCB7FAFA-BFD5-4AD8-B14E-5FFD935C6F42}"
	ProjectSection(ProjectDependencies) = postProject
		{1E2B5371-8465-4549-A3AE-063D7D845381} = {1E2B5371-8465-4549-A3AE-063D7D845381}
	EndProjectSection
EndProject
Project("{2150E333-8FDC-42A3-9474-1A3956D46DE8}") = "WPF.Control", "WPF.Control", "{C1B38B46-181A-4CE4-AC03-F911673F4F33}"
EndProject
Project("{FAE04EC0-301F-11D3-BF4B-00C04F79EFBC}") = "TemperatureGuage", "TemperatureGuage\TemperatureGuage.csproj", "{ECBB34F4-0604-46E9-958F-8199AB3A8813}"
EndProject
Project("{FAE04EC0-301F-11D3-BF4B-00C04F79EFBC}") = "CircleProcessBar", "CircleProcessBar\CircleProcessBar.csproj", "{AD53C515-17D1-4299-9C19-C8FBC7A52E43}"
EndProject
Project("{FAE04EC0-301F-11D3-BF4B-00C04F79EFBC}") = "WetChatWait", "WetChatWait\WetChatWait.csproj", "{49165540-EBE9-48B7-A57B-152926C23BE7}"
EndProject
Project("{2150E333-8FDC-42A3-9474-1A3956D46DE8}") = "Winform.Control", "Winform.Control", "{77E8CCD8-FCBE-42DF-8954-5187A92075EC}"
EndProject
Project("{FAE04EC0-301F-11D3-BF4B-00C04F79EFBC}") = "LoadingCircle", "LoadingCircle\LoadingCircle.csproj", "{FE53F62C-8640-4880-92CD-07DA61F1C270}"
EndProject
Project("{FAE04EC0-301F-11D3-BF4B-00C04F79EFBC}") = "CircularGauge", "CircularGauge\CircularGauge.csproj", "{6EFD5895-177B-4BBB-AF52-29F4D53B3FBD}"
EndProject
Project("{FAE04EC0-301F-11D3-BF4B-00C04F79EFBC}") = "CircularGaugeDemoWPF", "CircularGaugeDemoWPF\CircularGaugeDemoWPF.csproj", "{4AF0278B-CEB2-477C-A3DC-0D5474757C4D}"
EndProject
Project("{FAE04EC0-301F-11D3-BF4B-00C04F79EFBC}") = "Win8LoadingCircle", "Win8LoadingCircle\Win8LoadingCircle.csproj", "{25D378CE-015A-4AA0-A904-67EBD7C2E1D6}"
EndProject
Project("{FAE04EC0-301F-11D3-BF4B-00C04F79EFBC}") = "TonyTab", "TonyTab\TonyTab.csproj", "{545A79A2-D58B-47B8-AAFA-D9D5E874BE36}"
EndProject
Project("{FAE04EC0-301F-11D3-BF4B-00C04F79EFBC}") = "TonyTab2017", "TonyTab2017\TonyTab2017.csproj", "{BE1A8651-7053-4E72-A7A1-E5C0982A6E2E}"
EndProject
Project("{2150E333-8FDC-42A3-9474-1A3956D46DE8}") = "Mui", "Mui", "{B5464474-D919-4D3E-8878-E075A84A4E2D}"
EndProject
Project("{FAE04EC0-301F-11D3-BF4B-00C04F79EFBC}") = "FirstFloor.ModernUI.NET4", "FirstFloor.ModernUI\FirstFloor.ModernUI.NET4\FirstFloor.ModernUI.NET4.csproj", "{A0A5AD25-5E04-4777-AA95-CAB5C90CA49D}"
EndProject
Project("{FAE04EC0-301F-11D3-BF4B-00C04F79EFBC}") = "FirstFloor.ModernUI.App", "FirstFloor.ModernUI\FirstFloor.ModernUI.App\FirstFloor.ModernUI.App.csproj", "{BA5911EB-F34B-4F8D-AB29-6B967ED0B8DC}"
EndProject
Project("{FAE04EC0-301F-11D3-BF4B-00C04F79EFBC}") = "ucCodeEditor", "ucCodeEditor\ucCodeEditor.csproj", "{1E2B5371-8465-4549-A3AE-063D7D845381}"
EndProject
Project("{FAE04EC0-301F-11D3-BF4B-00C04F79EFBC}") = "TreeViewEx", "TreeViewEx-master\TreeViewEx\TreeViewEx.csproj", "{2854814F-EA3C-41D4-AA94-460C4694F430}"
EndProject
Project("{2150E333-8FDC-42A3-9474-1A3956D46DE8}") = "TestSample", "TestSample", "{02C3C57B-33D1-44B5-9551-32CE5A5B8310}"
EndProject
Project("{FAE04EC0-301F-11D3-BF4B-00C04F79EFBC}") = "TreeviewExTest", "TreeviewExTest\TreeviewExTest.csproj", "{5C5254AB-1C23-4598-BA66-857F3760A9A3}"
EndProject
Project("{FAE04EC0-301F-11D3-BF4B-00C04F79EFBC}") = "CustomControl", "CustomControl\CustomControl.csproj", "{32D8E962-AB23-4FE7-BA5F-23FC0599788C}"
EndProject
Global
	GlobalSection(SolutionConfigurationPlatforms) = preSolution
		Debug|Any CPU = Debug|Any CPU
		Debug|x86 = Debug|x86
		Release|Any CPU = Release|Any CPU
		Release|x86 = Release|x86
	EndGlobalSection
	GlobalSection(ProjectConfigurationPlatforms) = postSolution
		{FCB7FAFA-BFD5-4AD8-B14E-5FFD935C6F42}.Debug|Any CPU.ActiveCfg = Debug|Any CPU
		{FCB7FAFA-BFD5-4AD8-B14E-5FFD935C6F42}.Debug|Any CPU.Build.0 = Debug|Any CPU
		{FCB7FAFA-BFD5-4AD8-B14E-5FFD935C6F42}.Debug|x86.ActiveCfg = Debug|Any CPU
		{FCB7FAFA-BFD5-4AD8-B14E-5FFD935C6F42}.Release|Any CPU.ActiveCfg = Release|Any CPU
		{FCB7FAFA-BFD5-4AD8-B14E-5FFD935C6F42}.Release|Any CPU.Build.0 = Release|Any CPU
		{FCB7FAFA-BFD5-4AD8-B14E-5FFD935C6F42}.Release|x86.ActiveCfg = Release|Any CPU
		{ECBB34F4-0604-46E9-958F-8199AB3A8813}.Debug|Any CPU.ActiveCfg = Debug|Any CPU
		{ECBB34F4-0604-46E9-958F-8199AB3A8813}.Debug|Any CPU.Build.0 = Debug|Any CPU
		{ECBB34F4-0604-46E9-958F-8199AB3A8813}.Debug|x86.ActiveCfg = Debug|Any CPU
		{ECBB34F4-0604-46E9-958F-8199AB3A8813}.Release|Any CPU.ActiveCfg = Release|Any CPU
		{ECBB34F4-0604-46E9-958F-8199AB3A8813}.Release|Any CPU.Build.0 = Release|Any CPU
		{ECBB34F4-0604-46E9-958F-8199AB3A8813}.Release|x86.ActiveCfg = Release|Any CPU
		{AD53C515-17D1-4299-9C19-C8FBC7A52E43}.Debug|Any CPU.ActiveCfg = Debug|Any CPU
		{AD53C515-17D1-4299-9C19-C8FBC7A52E43}.Debug|Any CPU.Build.0 = Debug|Any CPU
		{AD53C515-17D1-4299-9C19-C8FBC7A52E43}.Debug|x86.ActiveCfg = Debug|Any CPU
		{AD53C515-17D1-4299-9C19-C8FBC7A52E43}.Release|Any CPU.ActiveCfg = Release|Any CPU
		{AD53C515-17D1-4299-9C19-C8FBC7A52E43}.Release|Any CPU.Build.0 = Release|Any CPU
		{AD53C515-17D1-4299-9C19-C8FBC7A52E43}.Release|x86.ActiveCfg = Release|Any CPU
		{49165540-EBE9-48B7-A57B-152926C23BE7}.Debug|Any CPU.ActiveCfg = Debug|Any CPU
		{49165540-EBE9-48B7-A57B-152926C23BE7}.Debug|Any CPU.Build.0 = Debug|Any CPU
		{49165540-EBE9-48B7-A57B-152926C23BE7}.Debug|x86.ActiveCfg = Debug|Any CPU
		{49165540-EBE9-48B7-A57B-152926C23BE7}.Release|Any CPU.ActiveCfg = Release|Any CPU
		{49165540-EBE9-48B7-A57B-152926C23BE7}.Release|Any CPU.Build.0 = Release|Any CPU
		{49165540-EBE9-48B7-A57B-152926C23BE7}.Release|x86.ActiveCfg = Release|Any CPU
		{FE53F62C-8640-4880-92CD-07DA61F1C270}.Debug|Any CPU.ActiveCfg = Debug|Any CPU
		{FE53F62C-8640-4880-92CD-07DA61F1C270}.Debug|Any CPU.Build.0 = Debug|Any CPU
		{FE53F62C-8640-4880-92CD-07DA61F1C270}.Debug|x86.ActiveCfg = Debug|Any CPU
		{FE53F62C-8640-4880-92CD-07DA61F1C270}.Release|Any CPU.ActiveCfg = Release|Any CPU
		{FE53F62C-8640-4880-92CD-07DA61F1C270}.Release|Any CPU.Build.0 = Release|Any CPU
		{FE53F62C-8640-4880-92CD-07DA61F1C270}.Release|x86.ActiveCfg = Release|Any CPU
		{6EFD5895-177B-4BBB-AF52-29F4D53B3FBD}.Debug|Any CPU.ActiveCfg = Debug|Any CPU
		{6EFD5895-177B-4BBB-AF52-29F4D53B3FBD}.Debug|Any CPU.Build.0 = Debug|Any CPU
		{6EFD5895-177B-4BBB-AF52-29F4D53B3FBD}.Debug|x86.ActiveCfg = Debug|Any CPU
		{6EFD5895-177B-4BBB-AF52-29F4D53B3FBD}.Release|Any CPU.ActiveCfg = Release|Any CPU
		{6EFD5895-177B-4BBB-AF52-29F4D53B3FBD}.Release|Any CPU.Build.0 = Release|Any CPU
		{6EFD5895-177B-4BBB-AF52-29F4D53B3FBD}.Release|x86.ActiveCfg = Release|Any CPU
		{4AF0278B-CEB2-477C-A3DC-0D5474757C4D}.Debug|Any CPU.ActiveCfg = Debug|Any CPU
		{4AF0278B-CEB2-477C-A3DC-0D5474757C4D}.Debug|Any CPU.Build.0 = Debug|Any CPU
		{4AF0278B-CEB2-477C-A3DC-0D5474757C4D}.Debug|x86.ActiveCfg = Debug|Any CPU
		{4AF0278B-CEB2-477C-A3DC-0D5474757C4D}.Release|Any CPU.ActiveCfg = Release|Any CPU
		{4AF0278B-CEB2-477C-A3DC-0D5474757C4D}.Release|Any CPU.Build.0 = Release|Any CPU
		{4AF0278B-CEB2-477C-A3DC-0D5474757C4D}.Release|x86.ActiveCfg = Release|Any CPU
		{25D378CE-015A-4AA0-A904-67EBD7C2E1D6}.Debug|Any CPU.ActiveCfg = Debug|Any CPU
		{25D378CE-015A-4AA0-A904-67EBD7C2E1D6}.Debug|Any CPU.Build.0 = Debug|Any CPU
		{25D378CE-015A-4AA0-A904-67EBD7C2E1D6}.Debug|x86.ActiveCfg = Debug|Any CPU
		{25D378CE-015A-4AA0-A904-67EBD7C2E1D6}.Release|Any CPU.ActiveCfg = Release|Any CPU
		{25D378CE-015A-4AA0-A904-67EBD7C2E1D6}.Release|Any CPU.Build.0 = Release|Any CPU
		{25D378CE-015A-4AA0-A904-67EBD7C2E1D6}.Release|x86.ActiveCfg = Release|Any CPU
		{545A79A2-D58B-47B8-AAFA-D9D5E874BE36}.Debug|Any CPU.ActiveCfg = Debug|Any CPU
		{545A79A2-D58B-47B8-AAFA-D9D5E874BE36}.Debug|Any CPU.Build.0 = Debug|Any CPU
		{545A79A2-D58B-47B8-AAFA-D9D5E874BE36}.Debug|x86.ActiveCfg = Debug|Any CPU
		{545A79A2-D58B-47B8-AAFA-D9D5E874BE36}.Release|Any CPU.ActiveCfg = Release|Any CPU
		{545A79A2-D58B-47B8-AAFA-D9D5E874BE36}.Release|Any CPU.Build.0 = Release|Any CPU
		{545A79A2-D58B-47B8-AAFA-D9D5E874BE36}.Release|x86.ActiveCfg = Release|Any CPU
		{BE1A8651-7053-4E72-A7A1-E5C0982A6E2E}.Debug|Any CPU.ActiveCfg = Debug|Any CPU
		{BE1A8651-7053-4E72-A7A1-E5C0982A6E2E}.Debug|Any CPU.Build.0 = Debug|Any CPU
		{BE1A8651-7053-4E72-A7A1-E5C0982A6E2E}.Debug|x86.ActiveCfg = Debug|Any CPU
		{BE1A8651-7053-4E72-A7A1-E5C0982A6E2E}.Release|Any CPU.ActiveCfg = Release|Any CPU
		{BE1A8651-7053-4E72-A7A1-E5C0982A6E2E}.Release|Any CPU.Build.0 = Release|Any CPU
		{BE1A8651-7053-4E72-A7A1-E5C0982A6E2E}.Release|x86.ActiveCfg = Release|Any CPU
		{A0A5AD25-5E04-4777-AA95-CAB5C90CA49D}.Debug|Any CPU.ActiveCfg = Debug|Any CPU
		{A0A5AD25-5E04-4777-AA95-CAB5C90CA49D}.Debug|Any CPU.Build.0 = Debug|Any CPU
		{A0A5AD25-5E04-4777-AA95-CAB5C90CA49D}.Debug|x86.ActiveCfg = Debug|Any CPU
		{A0A5AD25-5E04-4777-AA95-CAB5C90CA49D}.Release|Any CPU.ActiveCfg = Release|Any CPU
		{A0A5AD25-5E04-4777-AA95-CAB5C90CA49D}.Release|Any CPU.Build.0 = Release|Any CPU
		{A0A5AD25-5E04-4777-AA95-CAB5C90CA49D}.Release|x86.ActiveCfg = Release|Any CPU
		{BA5911EB-F34B-4F8D-AB29-6B967ED0B8DC}.Debug|Any CPU.ActiveCfg = Debug|Any CPU
		{BA5911EB-F34B-4F8D-AB29-6B967ED0B8DC}.Debug|Any CPU.Build.0 = Debug|Any CPU
		{BA5911EB-F34B-4F8D-AB29-6B967ED0B8DC}.Debug|x86.ActiveCfg = Debug|Any CPU
		{BA5911EB-F34B-4F8D-AB29-6B967ED0B8DC}.Release|Any CPU.ActiveCfg = Release|Any CPU
		{BA5911EB-F34B-4F8D-AB29-6B967ED0B8DC}.Release|Any CPU.Build.0 = Release|Any CPU
		{BA5911EB-F34B-4F8D-AB29-6B967ED0B8DC}.Release|x86.ActiveCfg = Release|Any CPU
		{1E2B5371-8465-4549-A3AE-063D7D845381}.Debug|Any CPU.ActiveCfg = Debug|Any CPU
		{1E2B5371-8465-4549-A3AE-063D7D845381}.Debug|Any CPU.Build.0 = Debug|Any CPU
		{1E2B5371-8465-4549-A3AE-063D7D845381}.Debug|x86.ActiveCfg = Debug|Any CPU
		{1E2B5371-8465-4549-A3AE-063D7D845381}.Release|Any CPU.ActiveCfg = Release|Any CPU
		{1E2B5371-8465-4549-A3AE-063D7D845381}.Release|Any CPU.Build.0 = Release|Any CPU
		{1E2B5371-8465-4549-A3AE-063D7D845381}.Release|x86.ActiveCfg = Release|Any CPU
		{2854814F-EA3C-41D4-AA94-460C4694F430}.Debug|Any CPU.ActiveCfg = Debug|Any CPU
		{2854814F-EA3C-41D4-AA94-460C4694F430}.Debug|Any CPU.Build.0 = Debug|Any CPU
		{2854814F-EA3C-41D4-AA94-460C4694F430}.Debug|x86.ActiveCfg = Debug|x86
		{2854814F-EA3C-41D4-AA94-460C4694F430}.Debug|x86.Build.0 = Debug|x86
		{2854814F-EA3C-41D4-AA94-460C4694F430}.Release|Any CPU.ActiveCfg = Release|Any CPU
		{2854814F-EA3C-41D4-AA94-460C4694F430}.Release|Any CPU.Build.0 = Release|Any CPU
		{2854814F-EA3C-41D4-AA94-460C4694F430}.Release|x86.ActiveCfg = Release|x86
		{2854814F-EA3C-41D4-AA94-460C4694F430}.Release|x86.Build.0 = Release|x86
		{5C5254AB-1C23-4598-BA66-857F3760A9A3}.Debug|Any CPU.ActiveCfg = Debug|Any CPU
		{5C5254AB-1C23-4598-BA66-857F3760A9A3}.Debug|Any CPU.Build.0 = Debug|Any CPU
		{5C5254AB-1C23-4598-BA66-857F3760A9A3}.Debug|x86.ActiveCfg = Debug|Any CPU
		{5C5254AB-1C23-4598-BA66-857F3760A9A3}.Release|Any CPU.ActiveCfg = Release|Any CPU
		{5C5254AB-1C23-4598-BA66-857F3760A9A3}.Release|Any CPU.Build.0 = Release|Any CPU
		{5C5254AB-1C23-4598-BA66-857F3760A9A3}.Release|x86.ActiveCfg = Release|Any CPU
		{32D8E962-AB23-4FE7-BA5F-23FC0599788C}.Debug|Any CPU.ActiveCfg = Debug|Any CPU
		{32D8E962-AB23-4FE7-BA5F-23FC0599788C}.Debug|Any CPU.Build.0 = Debug|Any CPU
		{32D8E962-AB23-4FE7-BA5F-23FC0599788C}.Debug|x86.ActiveCfg = Debug|Any CPU
		{32D8E962-AB23-4FE7-BA5F-23FC0599788C}.Debug|x86.Build.0 = Debug|Any CPU
		{32D8E962-AB23-4FE7-BA5F-23FC0599788C}.Release|Any CPU.ActiveCfg = Release|Any CPU
		{32D8E962-AB23-4FE7-BA5F-23FC0599788C}.Release|Any CPU.Build.0 = Release|Any CPU
		{32D8E962-AB23-4FE7-BA5F-23FC0599788C}.Release|x86.ActiveCfg = Release|Any CPU
		{32D8E962-AB23-4FE7-BA5F-23FC0599788C}.Release|x86.Build.0 = Release|Any CPU
	EndGlobalSection
	GlobalSection(SolutionProperties) = preSolution
		HideSolutionNode = FALSE
	EndGlobalSection
	GlobalSection(NestedProjects) = preSolution
		{FCB7FAFA-BFD5-4AD8-B14E-5FFD935C6F42} = {02C3C57B-33D1-44B5-9551-32CE5A5B8310}
		{ECBB34F4-0604-46E9-958F-8199AB3A8813} = {C1B38B46-181A-4CE4-AC03-F911673F4F33}
		{AD53C515-17D1-4299-9C19-C8FBC7A52E43} = {C1B38B46-181A-4CE4-AC03-F911673F4F33}
		{49165540-EBE9-48B7-A57B-152926C23BE7} = {C1B38B46-181A-4CE4-AC03-F911673F4F33}
		{FE53F62C-8640-4880-92CD-07DA61F1C270} = {77E8CCD8-FCBE-42DF-8954-5187A92075EC}
		{6EFD5895-177B-4BBB-AF52-29F4D53B3FBD} = {C1B38B46-181A-4CE4-AC03-F911673F4F33}
		{4AF0278B-CEB2-477C-A3DC-0D5474757C4D} = {02C3C57B-33D1-44B5-9551-32CE5A5B8310}
		{25D378CE-015A-4AA0-A904-67EBD7C2E1D6} = {C1B38B46-181A-4CE4-AC03-F911673F4F33}
		{545A79A2-D58B-47B8-AAFA-D9D5E874BE36} = {C1B38B46-181A-4CE4-AC03-F911673F4F33}
		{BE1A8651-7053-4E72-A7A1-E5C0982A6E2E} = {C1B38B46-181A-4CE4-AC03-F911673F4F33}
		{B5464474-D919-4D3E-8878-E075A84A4E2D} = {C1B38B46-181A-4CE4-AC03-F911673F4F33}
		{A0A5AD25-5E04-4777-AA95-CAB5C90CA49D} = {B5464474-D919-4D3E-8878-E075A84A4E2D}
		{BA5911EB-F34B-4F8D-AB29-6B967ED0B8DC} = {B5464474-D919-4D3E-8878-E075A84A4E2D}
		{1E2B5371-8465-4549-A3AE-063D7D845381} = {77E8CCD8-FCBE-42DF-8954-5187A92075EC}
		{2854814F-EA3C-41D4-AA94-460C4694F430} = {C1B38B46-181A-4CE4-AC03-F911673F4F33}
		{5C5254AB-1C23-4598-BA66-857F3760A9A3} = {02C3C57B-33D1-44B5-9551-32CE5A5B8310}
		{32D8E962-AB23-4FE7-BA5F-23FC0599788C} = {77E8CCD8-FCBE-42DF-8954-5187A92075EC}
	EndGlobalSection
	GlobalSection(ExtensibilityGlobals) = postSolution
		SolutionGuid = {6B0C0D0B-EADB-410A-B3D2-AA713BD162BC}
	EndGlobalSection
EndGlobal
